# This file is autogenerated, do not edit; changes may be undone by the next 'dep ensure'.


[[projects]]
  name = "go.uber.org/atomic"
  packages = ["."]
  revision = "8474b86a5a6f79c443ce4b2992817ff32cf208b8"
  version = "v1.3.1"

[[projects]]
  name = "go.uber.org/multierr"
  packages = ["."]
  revision = "3c4937480c32f4c13a875a1829af76c98ca3d40a"
  version = "v1.1.0"

[[projects]]
  name = "go.uber.org/zap"
  packages = [
    ".",
    "buffer",
    "internal/bufferpool",
    "internal/color",
    "internal/exit",
    "zapcore"
  ]
  revision = "f85c78b1dd998214c5f2138155b320a4a43fbe36"

[solve-meta]
  analyzer-name = "dep"
  analyzer-version = 1
  inputs-digest = "97fca514cd5479da7d340f734047c1641b25daa841c20364a2fb564d933aebd0"
  solver-name = "gps-cdcl"
  solver-version = 1
